
Microsoft Visual Studio Solution File, Format Version 12.00
# Visual Studio 2012
Project("{FAE04EC0-301F-11D3-BF4B-00C04F79EFBC}") = "e-QS3 Software 2.0", "e-QS3 Software 2.0\e-QS3 Software 2.0.csproj", "{820D4577-9BE2-4597-89E0-DDD6436C425B}"
EndProject
Global
	GlobalSection(SolutionConfigurationPlatforms) = preSolution
		Debug|Any CPU = Debug|Any CPU
		Release|Any CPU = Release|Any CPU
	EndGlobalSection
	GlobalSection(ProjectConfigurationPlatforms) = postSolution
		{820D4577-9BE2-4597-89E0-DDD6436C425B}.Debug|Any CPU.ActiveCfg = Debug|Any CPU
		{820D4577-9BE2-4597-89E0-DDD6436C425B}.Debug|Any CPU.Build.0 = Debug|Any CPU
		{820D4577-9BE2-4597-89E0-DDD6436C425B}.Release|Any CPU.ActiveCfg = Release|Any CPU
		{820D4577-9BE2-4597-89E0-DDD6436C425B}.Release|Any CPU.Build.0 = Release|Any CPU
	EndGlobalSection
	GlobalSection(SolutionProperties) = preSolution
		HideSolutionNode = FALSE
	EndGlobalSection
EndGlobal
